
Microsoft Visual Studio Solution File, Format Version 12.00
# Visual Studio Version 17
VisualStudioVersion = 17.5.33530.505
MinimumVisualStudioVersion = 10.0.40219.1
Project("{FAE04EC0-301F-11D3-BF4B-00C04F79EFBC}") = "FamilyBudget.WebApi", "FamilyBudget.WebApi\FamilyBudget.WebApi.csproj", "{6BF3D613-0893-42A0-91AD-4499F91A14F5}"
EndProject
Global
	GlobalSection(SolutionConfigurationPlatforms) = preSolution
		Debug|Any CPU = Debug|Any CPU
		Release|Any CPU = Release|Any CPU
	EndGlobalSection
	GlobalSection(ProjectConfigurationPlatforms) = postSolution
		{6BF3D613-0893-42A0-91AD-4499F91A14F5}.Debug|Any CPU.ActiveCfg = Debug|Any CPU
		{6BF3D613-0893-42A0-91AD-4499F91A14F5}.Debug|Any CPU.Build.0 = Debug|Any CPU
		{6BF3D613-0893-42A0-91AD-4499F91A14F5}.Release|Any CPU.ActiveCfg = Release|Any CPU
		{6BF3D613-0893-42A0-91AD-4499F91A14F5}.Release|Any CPU.Build.0 = Release|Any CPU
	EndGlobalSection
	GlobalSection(SolutionProperties) = preSolution
		HideSolutionNode = FALSE
	EndGlobalSection
	GlobalSection(ExtensibilityGlobals) = postSolution
		SolutionGuid = {A826EB3F-0395-48D0-A992-190359FDD63B}
	EndGlobalSection
EndGlobal
